
Microsoft Visual Studio Solution File, Format Version 12.00
# Visual Studio Version 16
VisualStudioVersion = 16.0.31829.152
MinimumVisualStudioVersion = 10.0.40219.1
Project("{8BC9CEB8-8B4A-11D0-8D11-00A0C91BC942}") = "Conta Consonanti Esame", "Conta Consonanti Esame.vcxproj", "{6EC129F3-445C-490D-AD78-1054A96C269C}"
EndProject
Global
	GlobalSection(SolutionConfigurationPlatforms) = preSolution
		Debug|x64 = Debug|x64
		Debug|x86 = Debug|x86
		Release|x64 = Release|x64
		Release|x86 = Release|x86
	EndGlobalSection
	GlobalSection(ProjectConfigurationPlatforms) = postSolution
		{6EC129F3-445C-490D-AD78-1054A96C269C}.Debug|x64.ActiveCfg = Debug|x64
		{6EC129F3-445C-490D-AD78-1054A96C269C}.Debug|x64.Build.0 = Debug|x64
		{6EC129F3-445C-490D-AD78-1054A96C269C}.Debug|x86.ActiveCfg = Debug|Win32
		{6EC129F3-445C-490D-AD78-1054A96C269C}.Debug|x86.Build.0 = Debug|Win32
		{6EC129F3-445C-490D-AD78-1054A96C269C}.Release|x64.ActiveCfg = Release|x64
		{6EC129F3-445C-490D-AD78-1054A96C269C}.Release|x64.Build.0 = Release|x64
		{6EC129F3-445C-490D-AD78-1054A96C269C}.Release|x86.ActiveCfg = Release|Win32
		{6EC129F3-445C-490D-AD78-1054A96C269C}.Release|x86.Build.0 = Release|Win32
	EndGlobalSection
	GlobalSection(SolutionProperties) = preSolution
		HideSolutionNode = FALSE
	EndGlobalSection
	GlobalSection(ExtensibilityGlobals) = postSolution
		SolutionGuid = {ADD80E0B-A6DE-45ED-8B64-5A7FDADA3AD9}
	EndGlobalSection
EndGlobal
