
Microsoft Visual Studio Solution File, Format Version 12.00
# Visual Studio Version 16
VisualStudioVersion = 16.0.31702.278
MinimumVisualStudioVersion = 10.0.40219.1
Project("{8BC9CEB8-8B4A-11D0-8D11-00A0C91BC942}") = "File ASM", "File ASM.vcxproj", "{B34EE1A1-01B3-4271-9E41-A76BE4ABB4A5}"
EndProject
Global
	GlobalSection(SolutionConfigurationPlatforms) = preSolution
		Debug|x64 = Debug|x64
		Debug|x86 = Debug|x86
		Release|x64 = Release|x64
		Release|x86 = Release|x86
	EndGlobalSection
	GlobalSection(ProjectConfigurationPlatforms) = postSolution
		{B34EE1A1-01B3-4271-9E41-A76BE4ABB4A5}.Debug|x64.ActiveCfg = Debug|x64
		{B34EE1A1-01B3-4271-9E41-A76BE4ABB4A5}.Debug|x64.Build.0 = Debug|x64
		{B34EE1A1-01B3-4271-9E41-A76BE4ABB4A5}.Debug|x86.ActiveCfg = Debug|Win32
		{B34EE1A1-01B3-4271-9E41-A76BE4ABB4A5}.Debug|x86.Build.0 = Debug|Win32
		{B34EE1A1-01B3-4271-9E41-A76BE4ABB4A5}.Release|x64.ActiveCfg = Release|x64
		{B34EE1A1-01B3-4271-9E41-A76BE4ABB4A5}.Release|x64.Build.0 = Release|x64
		{B34EE1A1-01B3-4271-9E41-A76BE4ABB4A5}.Release|x86.ActiveCfg = Release|Win32
		{B34EE1A1-01B3-4271-9E41-A76BE4ABB4A5}.Release|x86.Build.0 = Release|Win32
	EndGlobalSection
	GlobalSection(SolutionProperties) = preSolution
		HideSolutionNode = FALSE
	EndGlobalSection
	GlobalSection(ExtensibilityGlobals) = postSolution
		SolutionGuid = {F05E085C-CE50-4156-B707-4CBEB3B3BA6E}
	EndGlobalSection
EndGlobal
